
Microsoft Visual Studio Solution File, Format Version 12.00
# Visual Studio Version 16
VisualStudioVersion = 16.0.32428.217
MinimumVisualStudioVersion = 10.0.40219.1
Project("{FAE04EC0-301F-11D3-BF4B-00C04F79EFBC}") = "DataStructuresLibrary", "DataStructuresLibrary\DataStructuresLibrary.csproj", "{CE2AC1C9-FB93-4875-90F8-CD55F31B2233}"
EndProject
Project("{FAE04EC0-301F-11D3-BF4B-00C04F79EFBC}") = "DataStructures.Tests", "DataStructures.Tests\DataStructures.Tests.csproj", "{5FD8D903-C605-48F8-BA3E-F4D807CBB0B2}"
EndProject
Global
	GlobalSection(SolutionConfigurationPlatforms) = preSolution
		Debug|Any CPU = Debug|Any CPU
		Release|Any CPU = Release|Any CPU
	EndGlobalSection
	GlobalSection(ProjectConfigurationPlatforms) = postSolution
		{CE2AC1C9-FB93-4875-90F8-CD55F31B2233}.Debug|Any CPU.ActiveCfg = Debug|Any CPU
		{CE2AC1C9-FB93-4875-90F8-CD55F31B2233}.Debug|Any CPU.Build.0 = Debug|Any CPU
		{CE2AC1C9-FB93-4875-90F8-CD55F31B2233}.Release|Any CPU.ActiveCfg = Release|Any CPU
		{CE2AC1C9-FB93-4875-90F8-CD55F31B2233}.Release|Any CPU.Build.0 = Release|Any CPU
		{5FD8D903-C605-48F8-BA3E-F4D807CBB0B2}.Debug|Any CPU.ActiveCfg = Debug|Any CPU
		{5FD8D903-C605-48F8-BA3E-F4D807CBB0B2}.Debug|Any CPU.Build.0 = Debug|Any CPU
		{5FD8D903-C605-48F8-BA3E-F4D807CBB0B2}.Release|Any CPU.ActiveCfg = Release|Any CPU
		{5FD8D903-C605-48F8-BA3E-F4D807CBB0B2}.Release|Any CPU.Build.0 = Release|Any CPU
	EndGlobalSection
	GlobalSection(SolutionProperties) = preSolution
		HideSolutionNode = FALSE
	EndGlobalSection
	GlobalSection(ExtensibilityGlobals) = postSolution
		SolutionGuid = {0B314D9A-8151-4FE4-BD2B-521617F7F123}
	EndGlobalSection
EndGlobal
